// !$*UTF8*$!
{
	archiveVersion = 1;
	classes = {
	};
	objectVersion = 77;
	objects = {

/* Begin PBXBuildFile section */
		342FD9AB9E48055D33CB6434 /* IRCClient.swift in Sources */ = {isa = PBXBuildFile; fileRef = 06930B8E0D22F3699D1A09BE /* IRCClient.swift */; };
		46CE9A752C4A8C6B68DB21D8 /* IRCViewModel.swift in Sources */ = {isa = PBXBuildFile; fileRef = 38322E51D0B8B2B040B5F18E /* IRCViewModel.swift */; };
		46E20CA9DB22C51A1DD9A981 /* DCCTransfer.swift in Sources */ = {isa = PBXBuildFile; fileRef = 6811D5089695BF865D9F9DBD /* DCCTransfer.swift */; };
		50FFB12ED713498199AA9400 /* Assets.xcassets in Resources */ = {isa = PBXBuildFile; fileRef = 61E227E54B869CE98632957E /* Assets.xcassets */; };
		5EBB4BE061EEF5FFAF320FFF /* DaystingIRCApp.swift in Sources */ = {isa = PBXBuildFile; fileRef = B88CA96DD1A287D147E949D7 /* DaystingIRCApp.swift */; };
		72E6F8BDE6B07277165C8EF0 /* DaystingIRCApp.swift in Sources */ = {isa = PBXBuildFile; fileRef = B88CA96DD1A287D147E949D7 /* DaystingIRCApp.swift */; };
		772FBFDC9974787AEF641FDA /* IRCClient.swift in Sources */ = {isa = PBXBuildFile; fileRef = 06930B8E0D22F3699D1A09BE /* IRCClient.swift */; };
		830DA43F620EEDE13868BEE5 /* IRCModels.swift in Sources */ = {isa = PBXBuildFile; fileRef = 0D759E7BB4B807CBAA8E40A9 /* IRCModels.swift */; };
		869B8530D781AA8348C28F1F /* ContentView.swift in Sources */ = {isa = PBXBuildFile; fileRef = D76C1ACE001C51E03E5ED235 /* ContentView.swift */; };
		89D8E5F2A6D6C12818B1C78A /* IRCViewModel.swift in Sources */ = {isa = PBXBuildFile; fileRef = 38322E51D0B8B2B040B5F18E /* IRCViewModel.swift */; };
		92F43A276C3528E364448B90 /* ThemeControlsView.swift in Sources */ = {isa = PBXBuildFile; fileRef = 425634645A8FEF9CB49F2921 /* ThemeControlsView.swift */; };
		A1E195A23DEE15766514454E /* IRCModels.swift in Sources */ = {isa = PBXBuildFile; fileRef = 0D759E7BB4B807CBAA8E40A9 /* IRCModels.swift */; };
		A7D0F8BEB2AC157EEFD2FE03 /* ContentView.swift in Sources */ = {isa = PBXBuildFile; fileRef = D76C1ACE001C51E03E5ED235 /* ContentView.swift */; };
		AB05E497DDCB24EBEF4E6B23 /* DCCTransfer.swift in Sources */ = {isa = PBXBuildFile; fileRef = 6811D5089695BF865D9F9DBD /* DCCTransfer.swift */; };
		BDC23E7E374AA6EC48FE522C /* Assets.xcassets in Resources */ = {isa = PBXBuildFile; fileRef = 61E227E54B869CE98632957E /* Assets.xcassets */; };
		CB15FF8CE37CF1F94FC1C9C3 /* ThemeControlsView.swift in Sources */ = {isa = PBXBuildFile; fileRef = 425634645A8FEF9CB49F2921 /* ThemeControlsView.swift */; };
/* End PBXBuildFile section */

/* Begin PBXFileReference section */
		06930B8E0D22F3699D1A09BE /* IRCClient.swift */ = {isa = PBXFileReference; lastKnownFileType = sourcecode.swift; path = IRCClient.swift; sourceTree = "<group>"; };
		0D759E7BB4B807CBAA8E40A9 /* IRCModels.swift */ = {isa = PBXFileReference; lastKnownFileType = sourcecode.swift; path = IRCModels.swift; sourceTree = "<group>"; };
		381041F01636904D25052308 /* DaystingIRC-macOS.app */ = {isa = PBXFileReference; explicitFileType = wrapper.application; includeInIndex = 0; path = "DaystingIRC-macOS.app"; sourceTree = BUILT_PRODUCTS_DIR; };
		38322E51D0B8B2B040B5F18E /* IRCViewModel.swift */ = {isa = PBXFileReference; lastKnownFileType = sourcecode.swift; path = IRCViewModel.swift; sourceTree = "<group>"; };
		425634645A8FEF9CB49F2921 /* ThemeControlsView.swift */ = {isa = PBXFileReference; lastKnownFileType = sourcecode.swift; path = ThemeControlsView.swift; sourceTree = "<group>"; };
		61E227E54B869CE98632957E /* Assets.xcassets */ = {isa = PBXFileReference; lastKnownFileType = folder.assetcatalog; path = Assets.xcassets; sourceTree = "<group>"; };
		6811D5089695BF865D9F9DBD /* DCCTransfer.swift */ = {isa = PBXFileReference; lastKnownFileType = sourcecode.swift; path = DCCTransfer.swift; sourceTree = "<group>"; };
		885DFA94EB0B8D57EA86A993 /* DaystingIRC-iOS.app */ = {isa = PBXFileReference; includeInIndex = 0; lastKnownFileType = wrapper.application; path = "DaystingIRC-iOS.app"; sourceTree = BUILT_PRODUCTS_DIR; };
		B88CA96DD1A287D147E949D7 /* DaystingIRCApp.swift */ = {isa = PBXFileReference; lastKnownFileType = sourcecode.swift; path = DaystingIRCApp.swift; sourceTree = "<group>"; };
		D76C1ACE001C51E03E5ED235 /* ContentView.swift */ = {isa = PBXFileReference; lastKnownFileType = sourcecode.swift; path = ContentView.swift; sourceTree = "<group>"; };
/* End PBXFileReference section */

/* Begin PBXGroup section */
		3E51F1D9A7A6B77131950B74 /* Resources */ = {
			isa = PBXGroup;
			children = (
				61E227E54B869CE98632957E /* Assets.xcassets */,
			);
			path = Resources;
			sourceTree = "<group>";
		};
		522AA61F34862ED24B0AD57B /* Sources */ = {
			isa = PBXGroup;
			children = (
				D76C1ACE001C51E03E5ED235 /* ContentView.swift */,
				B88CA96DD1A287D147E949D7 /* DaystingIRCApp.swift */,
				6811D5089695BF865D9F9DBD /* DCCTransfer.swift */,
				06930B8E0D22F3699D1A09BE /* IRCClient.swift */,
				0D759E7BB4B807CBAA8E40A9 /* IRCModels.swift */,
				38322E51D0B8B2B040B5F18E /* IRCViewModel.swift */,
				425634645A8FEF9CB49F2921 /* ThemeControlsView.swift */,
			);
			path = Sources;
			sourceTree = "<group>";
		};
		68956188A26C3DCB0377A21B = {
			isa = PBXGroup;
			children = (
				3E51F1D9A7A6B77131950B74 /* Resources */,
				522AA61F34862ED24B0AD57B /* Sources */,
				E28127C02382EDB43563BB94 /* Products */,
			);
			sourceTree = "<group>";
		};
		E28127C02382EDB43563BB94 /* Products */ = {
			isa = PBXGroup;
			children = (
				885DFA94EB0B8D57EA86A993 /* DaystingIRC-iOS.app */,
				381041F01636904D25052308 /* DaystingIRC-macOS.app */,
			);
			name = Products;
			sourceTree = "<group>";
		};
/* End PBXGroup section */

/* Begin PBXNativeTarget section */
		215AA0D79B4EF0B47F4E04E0 /* DaystingIRC-macOS */ = {
			isa = PBXNativeTarget;
			buildConfigurationList = D4FCE2ADFE31EC3C9983C686 /* Build configuration list for PBXNativeTarget "DaystingIRC-macOS" */;
			buildPhases = (
				348188C4063F1C2A658C0A2C /* Sources */,
				B14337E87D59889539A9114F /* Resources */,
			);
			buildRules = (
			);
			dependencies = (
			);
			name = "DaystingIRC-macOS";
			packageProductDependencies = (
			);
			productName = "DaystingIRC-macOS";
			productReference = 381041F01636904D25052308 /* DaystingIRC-macOS.app */;
			productType = "com.apple.product-type.application";
		};
		75177BBA374F7C08A6794DBC /* DaystingIRC-iOS */ = {
			isa = PBXNativeTarget;
			buildConfigurationList = 329121793265F43245A9526F /* Build configuration list for PBXNativeTarget "DaystingIRC-iOS" */;
			buildPhases = (
				3D875C62994D1ED2B19AFE87 /* Sources */,
				4EBA7625701711DF35576B87 /* Resources */,
			);
			buildRules = (
			);
			dependencies = (
			);
			name = "DaystingIRC-iOS";
			packageProductDependencies = (
			);
			productName = "DaystingIRC-iOS";
			productReference = 885DFA94EB0B8D57EA86A993 /* DaystingIRC-iOS.app */;
			productType = "com.apple.product-type.application";
		};
/* End PBXNativeTarget section */

/* Begin PBXProject section */
		076D7EBA80252E860D275115 /* Project object */ = {
			isa = PBXProject;
			attributes = {
				BuildIndependentTargetsInParallel = YES;
				LastUpgradeCheck = 1430;
				TargetAttributes = {
					215AA0D79B4EF0B47F4E04E0 = {
						DevelopmentTeam = "";
					};
					75177BBA374F7C08A6794DBC = {
						DevelopmentTeam = "";
					};
				};
			};
			buildConfigurationList = F29D254F15DA10A3EF05F80A /* Build configuration list for PBXProject "DaystingIRC" */;
			developmentRegion = en;
			hasScannedForEncodings = 0;
			knownRegions = (
				Base,
				en,
			);
			mainGroup = 68956188A26C3DCB0377A21B;
			minimizedProjectReferenceProxies = 1;
			preferredProjectObjectVersion = 77;
			productRefGroup = E28127C02382EDB43563BB94 /* Products */;
			projectDirPath = "";
			projectRoot = "";
			targets = (
				75177BBA374F7C08A6794DBC /* DaystingIRC-iOS */,
				215AA0D79B4EF0B47F4E04E0 /* DaystingIRC-macOS */,
			);
		};
/* End PBXProject section */

/* Begin PBXResourcesBuildPhase section */
		4EBA7625701711DF35576B87 /* Resources */ = {
			isa = PBXResourcesBuildPhase;
			buildActionMask = 2147483647;
			files = (
				50FFB12ED713498199AA9400 /* Assets.xcassets in Resources */,
			);
			runOnlyForDeploymentPostprocessing = 0;
		};
		B14337E87D59889539A9114F /* Resources */ = {
			isa = PBXResourcesBuildPhase;
			buildActionMask = 2147483647;
			files = (
				BDC23E7E374AA6EC48FE522C /* Assets.xcassets in Resources */,
			);
			runOnlyForDeploymentPostprocessing = 0;
		};
/* End PBXResourcesBuildPhase section */

/* Begin PBXSourcesBuildPhase section */
		348188C4063F1C2A658C0A2C /* Sources */ = {
			isa = PBXSourcesBuildPhase;
			buildActionMask = 2147483647;
			files = (
				869B8530D781AA8348C28F1F /* ContentView.swift in Sources */,
				46E20CA9DB22C51A1DD9A981 /* DCCTransfer.swift in Sources */,
				5EBB4BE061EEF5FFAF320FFF /* DaystingIRCApp.swift in Sources */,
				772FBFDC9974787AEF641FDA /* IRCClient.swift in Sources */,
				A1E195A23DEE15766514454E /* IRCModels.swift in Sources */,
				89D8E5F2A6D6C12818B1C78A /* IRCViewModel.swift in Sources */,
				CB15FF8CE37CF1F94FC1C9C3 /* ThemeControlsView.swift in Sources */,
			);
			runOnlyForDeploymentPostprocessing = 0;
		};
		3D875C62994D1ED2B19AFE87 /* Sources */ = {
			isa = PBXSourcesBuildPhase;
			buildActionMask = 2147483647;
			files = (
				A7D0F8BEB2AC157EEFD2FE03 /* ContentView.swift in Sources */,
				AB05E497DDCB24EBEF4E6B23 /* DCCTransfer.swift in Sources */,
				72E6F8BDE6B07277165C8EF0 /* DaystingIRCApp.swift in Sources */,
				342FD9AB9E48055D33CB6434 /* IRCClient.swift in Sources */,
				830DA43F620EEDE13868BEE5 /* IRCModels.swift in Sources */,
				46CE9A752C4A8C6B68DB21D8 /* IRCViewModel.swift in Sources */,
				92F43A276C3528E364448B90 /* ThemeControlsView.swift in Sources */,
			);
			runOnlyForDeploymentPostprocessing = 0;
		};
/* End PBXSourcesBuildPhase section */

/* Begin XCBuildConfiguration section */
		113EB8EB5F9F828BFE0E2DA7 /* Release */ = {
			isa = XCBuildConfiguration;
			buildSettings = {
				ASSETCATALOG_COMPILER_APPICON_NAME = AppIcon;
				CODE_SIGN_IDENTITY = "iPhone Developer";
				GENERATE_INFOPLIST_FILE = YES;
				INFOPLIST_KEY_CFBundleDisplayName = DaystingIRC;
				INFOPLIST_KEY_NSAppTransportSecurity_NSAllowsArbitraryLoads = NO;
				INFOPLIST_KEY_UILaunchScreen_Generation = YES;
				INFOPLIST_KEY_UIRequiresFullScreen = YES;
				IPHONEOS_DEPLOYMENT_TARGET = 16.0;
				LD_RUNPATH_SEARCH_PATHS = (
					"$(inherited)",
					"@executable_path/Frameworks",
				);
				PRODUCT_BUNDLE_IDENTIFIER = com.daysting.ircclient.ios;
				PRODUCT_NAME = DaystingIRC;
				SDKROOT = iphoneos;
				TARGETED_DEVICE_FAMILY = "1,2";
			};
			name = Release;
		};
		11EA2AF7059E9A0E2253D823 /* Debug */ = {
			isa = XCBuildConfiguration;
			buildSettings = {
				ASSETCATALOG_COMPILER_APPICON_NAME = AppIcon;
				CODE_SIGN_IDENTITY = "iPhone Developer";
				GENERATE_INFOPLIST_FILE = YES;
				INFOPLIST_KEY_CFBundleDisplayName = DaystingIRC;
				INFOPLIST_KEY_NSAppTransportSecurity_NSAllowsArbitraryLoads = NO;
				INFOPLIST_KEY_UILaunchScreen_Generation = YES;
				INFOPLIST_KEY_UIRequiresFullScreen = YES;
				IPHONEOS_DEPLOYMENT_TARGET = 16.0;
				LD_RUNPATH_SEARCH_PATHS = (
					"$(inherited)",
					"@executable_path/Frameworks",
				);
				PRODUCT_BUNDLE_IDENTIFIER = com.daysting.ircclient.ios;
				PRODUCT_NAME = DaystingIRC;
				SDKROOT = iphoneos;
				TARGETED_DEVICE_FAMILY = "1,2";
			};
			name = Debug;
		};
		20140519D9797CA2AE2D8E1E /* Release */ = {
			isa = XCBuildConfiguration;
			buildSettings = {
				ASSETCATALOG_COMPILER_APPICON_NAME = AppIcon;
				COMBINE_HIDPI_IMAGES = YES;
				GENERATE_INFOPLIST_FILE = YES;
				INFOPLIST_KEY_CFBundleDisplayName = DaystingIRC;
				INFOPLIST_KEY_NSAppTransportSecurity_NSAllowsArbitraryLoads = NO;
				INFOPLIST_KEY_NSHumanReadableCopyright = "Copyright © 2026 Erick Hofer. All rights reserved.";
				INFOPLIST_KEY_NSPrincipalClass = NSApplication;
				LD_RUNPATH_SEARCH_PATHS = (
					"$(inherited)",
					"@executable_path/../Frameworks",
				);
				MACOSX_DEPLOYMENT_TARGET = 13.0;
				PRODUCT_NAME = DaystingIRC;
				SDKROOT = macosx;
			};
			name = Release;
		};
		22E4D2BEE565C8D62B3B1E01 /* Debug */ = {
			isa = XCBuildConfiguration;
			buildSettings = {
				ALWAYS_SEARCH_USER_PATHS = NO;
				CLANG_ANALYZER_NONNULL = YES;
				CLANG_ANALYZER_NUMBER_OBJECT_CONVERSION = YES_AGGRESSIVE;
				CLANG_CXX_LANGUAGE_STANDARD = "gnu++14";
				CLANG_CXX_LIBRARY = "libc++";
				CLANG_ENABLE_MODULES = YES;
				CLANG_ENABLE_OBJC_ARC = YES;
				CLANG_ENABLE_OBJC_WEAK = YES;
				CLANG_WARN_BLOCK_CAPTURE_AUTORELEASING = YES;
				CLANG_WARN_BOOL_CONVERSION = YES;
				CLANG_WARN_COMMA = YES;
				CLANG_WARN_CONSTANT_CONVERSION = YES;
				CLANG_WARN_DEPRECATED_OBJC_IMPLEMENTATIONS = YES;
				CLANG_WARN_DIRECT_OBJC_ISA_USAGE = YES_ERROR;
				CLANG_WARN_DOCUMENTATION_COMMENTS = YES;
				CLANG_WARN_EMPTY_BODY = YES;
				CLANG_WARN_ENUM_CONVERSION = YES;
				CLANG_WARN_INFINITE_RECURSION = YES;
				CLANG_WARN_INT_CONVERSION = YES;
				CLANG_WARN_NON_LITERAL_NULL_CONVERSION = YES;
				CLANG_WARN_OBJC_IMPLICIT_RETAIN_SELF = YES;
				CLANG_WARN_OBJC_LITERAL_CONVERSION = YES;
				CLANG_WARN_OBJC_ROOT_CLASS = YES_ERROR;
				CLANG_WARN_QUOTED_INCLUDE_IN_FRAMEWORK_HEADER = YES;
				CLANG_WARN_RANGE_LOOP_ANALYSIS = YES;
				CLANG_WARN_STRICT_PROTOTYPES = YES;
				CLANG_WARN_SUSPICIOUS_MOVE = YES;
				CLANG_WARN_UNGUARDED_AVAILABILITY = YES_AGGRESSIVE;
				CLANG_WARN_UNREACHABLE_CODE = YES;
				CLANG_WARN__DUPLICATE_METHOD_MATCH = YES;
				COPY_PHASE_STRIP = NO;
				CURRENT_PROJECT_VERSION = 1.3;
				DEBUG_INFORMATION_FORMAT = dwarf;
				DEVELOPMENT_TEAM = "";
				ENABLE_STRICT_OBJC_MSGSEND = YES;
				ENABLE_TESTABILITY = YES;
				GCC_C_LANGUAGE_STANDARD = gnu11;
				GCC_DYNAMIC_NO_PIC = NO;
				GCC_NO_COMMON_BLOCKS = YES;
				GCC_OPTIMIZATION_LEVEL = 0;
				GCC_PREPROCESSOR_DEFINITIONS = (
					"$(inherited)",
					"DEBUG=1",
				);
				GCC_WARN_64_TO_32_BIT_CONVERSION = YES;
				GCC_WARN_ABOUT_RETURN_TYPE = YES_ERROR;
				GCC_WARN_UNDECLARED_SELECTOR = YES;
				GCC_WARN_UNINITIALIZED_AUTOS = YES_AGGRESSIVE;
				GCC_WARN_UNUSED_FUNCTION = YES;
				GCC_WARN_UNUSED_VARIABLE = YES;
				MACOSX_DEPLOYMENT_TARGET = 13.0;
				MARKETING_VERSION = 1.3;
				MTL_ENABLE_DEBUG_INFO = INCLUDE_SOURCE;
				MTL_FAST_MATH = YES;
				ONLY_ACTIVE_ARCH = YES;
				PRODUCT_BUNDLE_IDENTIFIER = com.daysting.ircclient;
				PRODUCT_NAME = "$(TARGET_NAME)";
				SWIFT_ACTIVE_COMPILATION_CONDITIONS = DEBUG;
				SWIFT_OPTIMIZATION_LEVEL = "-Onone";
				SWIFT_VERSION = 5.1;
			};
			name = Debug;
		};
		5A77E78040D6C4CF94D7A391 /* Debug */ = {
			isa = XCBuildConfiguration;
			buildSettings = {
				ASSETCATALOG_COMPILER_APPICON_NAME = AppIcon;
				COMBINE_HIDPI_IMAGES = YES;
				GENERATE_INFOPLIST_FILE = YES;
				INFOPLIST_KEY_CFBundleDisplayName = DaystingIRC;
				INFOPLIST_KEY_NSAppTransportSecurity_NSAllowsArbitraryLoads = NO;
				INFOPLIST_KEY_NSHumanReadableCopyright = "Copyright © 2026 Erick Hofer. All rights reserved.";
				INFOPLIST_KEY_NSPrincipalClass = NSApplication;
				LD_RUNPATH_SEARCH_PATHS = (
					"$(inherited)",
					"@executable_path/../Frameworks",
				);
				MACOSX_DEPLOYMENT_TARGET = 13.0;
				PRODUCT_NAME = DaystingIRC;
				SDKROOT = macosx;
			};
			name = Debug;
		};
		738F8C5E5F1109492028560B /* Release */ = {
			isa = XCBuildConfiguration;
			buildSettings = {
				ALWAYS_SEARCH_USER_PATHS = NO;
				CLANG_ANALYZER_NONNULL = YES;
				CLANG_ANALYZER_NUMBER_OBJECT_CONVERSION = YES_AGGRESSIVE;
				CLANG_CXX_LANGUAGE_STANDARD = "gnu++14";
				CLANG_CXX_LIBRARY = "libc++";
				CLANG_ENABLE_MODULES = YES;
				CLANG_ENABLE_OBJC_ARC = YES;
				CLANG_ENABLE_OBJC_WEAK = YES;
				CLANG_WARN_BLOCK_CAPTURE_AUTORELEASING = YES;
				CLANG_WARN_BOOL_CONVERSION = YES;
				CLANG_WARN_COMMA = YES;
				CLANG_WARN_CONSTANT_CONVERSION = YES;
				CLANG_WARN_DEPRECATED_OBJC_IMPLEMENTATIONS = YES;
				CLANG_WARN_DIRECT_OBJC_ISA_USAGE = YES_ERROR;
				CLANG_WARN_DOCUMENTATION_COMMENTS = YES;
				CLANG_WARN_EMPTY_BODY = YES;
				CLANG_WARN_ENUM_CONVERSION = YES;
				CLANG_WARN_INFINITE_RECURSION = YES;
				CLANG_WARN_INT_CONVERSION = YES;
				CLANG_WARN_NON_LITERAL_NULL_CONVERSION = YES;
				CLANG_WARN_OBJC_IMPLICIT_RETAIN_SELF = YES;
				CLANG_WARN_OBJC_LITERAL_CONVERSION = YES;
				CLANG_WARN_OBJC_ROOT_CLASS = YES_ERROR;
				CLANG_WARN_QUOTED_INCLUDE_IN_FRAMEWORK_HEADER = YES;
				CLANG_WARN_RANGE_LOOP_ANALYSIS = YES;
				CLANG_WARN_STRICT_PROTOTYPES = YES;
				CLANG_WARN_SUSPICIOUS_MOVE = YES;
				CLANG_WARN_UNGUARDED_AVAILABILITY = YES_AGGRESSIVE;
				CLANG_WARN_UNREACHABLE_CODE = YES;
				CLANG_WARN__DUPLICATE_METHOD_MATCH = YES;
				COPY_PHASE_STRIP = NO;
				CURRENT_PROJECT_VERSION = 1.3;
				DEBUG_INFORMATION_FORMAT = "dwarf-with-dsym";
				DEVELOPMENT_TEAM = "";
				ENABLE_NS_ASSERTIONS = NO;
				ENABLE_STRICT_OBJC_MSGSEND = YES;
				GCC_C_LANGUAGE_STANDARD = gnu11;
				GCC_NO_COMMON_BLOCKS = YES;
				GCC_WARN_64_TO_32_BIT_CONVERSION = YES;
				GCC_WARN_ABOUT_RETURN_TYPE = YES_ERROR;
				GCC_WARN_UNDECLARED_SELECTOR = YES;
				GCC_WARN_UNINITIALIZED_AUTOS = YES_AGGRESSIVE;
				GCC_WARN_UNUSED_FUNCTION = YES;
				GCC_WARN_UNUSED_VARIABLE = YES;
				MACOSX_DEPLOYMENT_TARGET = 13.0;
				MARKETING_VERSION = 1.3;
				MTL_ENABLE_DEBUG_INFO = NO;
				MTL_FAST_MATH = YES;
				PRODUCT_BUNDLE_IDENTIFIER = com.daysting.ircclient;
				PRODUCT_NAME = "$(TARGET_NAME)";
				SWIFT_COMPILATION_MODE = wholemodule;
				SWIFT_OPTIMIZATION_LEVEL = "-O";
				SWIFT_VERSION = 5.1;
			};
			name = Release;
		};
/* End XCBuildConfiguration section */

/* Begin XCConfigurationList section */
		329121793265F43245A9526F /* Build configuration list for PBXNativeTarget "DaystingIRC-iOS" */ = {
			isa = XCConfigurationList;
			buildConfigurations = (
				11EA2AF7059E9A0E2253D823 /* Debug */,
				113EB8EB5F9F828BFE0E2DA7 /* Release */,
			);
			defaultConfigurationIsVisible = 0;
			defaultConfigurationName = Debug;
		};
		D4FCE2ADFE31EC3C9983C686 /* Build configuration list for PBXNativeTarget "DaystingIRC-macOS" */ = {
			isa = XCConfigurationList;
			buildConfigurations = (
				5A77E78040D6C4CF94D7A391 /* Debug */,
				20140519D9797CA2AE2D8E1E /* Release */,
			);
			defaultConfigurationIsVisible = 0;
			defaultConfigurationName = Debug;
		};
		F29D254F15DA10A3EF05F80A /* Build configuration list for PBXProject "DaystingIRC" */ = {
			isa = XCConfigurationList;
			buildConfigurations = (
				22E4D2BEE565C8D62B3B1E01 /* Debug */,
				738F8C5E5F1109492028560B /* Release */,
			);
			defaultConfigurationIsVisible = 0;
			defaultConfigurationName = Debug;
		};
/* End XCConfigurationList section */
	};
	rootObject = 076D7EBA80252E860D275115 /* Project object */;
}
